
Microsoft Visual Studio Solution File, Format Version 12.00
# Visual Studio Version 17
VisualStudioVersion = 17.0.31903.59
MinimumVisualStudioVersion = 10.0.40219.1
Project("{9A19103F-16F7-4668-BE54-9A1E7A4F7556}") = "CoffeeMachine", "CoffeeMachine\CoffeeMachine.csproj", "{FFC0CB1D-B1A3-4496-ABF5-74618479021A}"
EndProject
Project("{9A19103F-16F7-4668-BE54-9A1E7A4F7556}") = "CoffeeMachineTest", "CoffeeMachineTest\CoffeeMachineTest.csproj", "{74CF73FB-661B-4A16-A945-8BD05818BF9B}"
EndProject
Project("{9A19103F-16F7-4668-BE54-9A1E7A4F7556}") = "MVC Site", "MVC Site\MVC Site.csproj", "{E75CE27D-6D62-478A-843E-62FD2245BE9C}"
EndProject
Project("{9A19103F-16F7-4668-BE54-9A1E7A4F7556}") = "WPF_App", "WPF App\WPF_App.csproj", "{7CA44616-8BCB-4C15-A8F2-5EB94ED3C5D2}"
EndProject
Project("{9A19103F-16F7-4668-BE54-9A1E7A4F7556}") = "Currency", "Currency\Currency.csproj", "{F92A43CC-0098-460D-A7F0-886A07991684}"
EndProject
Project("{9A19103F-16F7-4668-BE54-9A1E7A4F7556}") = "CurrencyMSTest", "CurrencyMSTest\CurrencyMSTest.csproj", "{93427DF9-A447-4801-B1AD-D14481BC9ABB}"
EndProject
Project("{9A19103F-16F7-4668-BE54-9A1E7A4F7556}") = "CurrencyWPF", "CurrencyWPF\CurrencyWPF.csproj", "{D6119BD5-F6BA-46E3-A092-A367A3E978C2}"
EndProject
Project("{9A19103F-16F7-4668-BE54-9A1E7A4F7556}") = "CurrencyMVC", "CurrencyMVC\CurrencyMVC.csproj", "{8CAAF46C-0D59-4B96-A863-A5DF77A218F5}"
EndProject
Project("{FAE04EC0-301F-11D3-BF4B-00C04F79EFBC}") = "SportsFinal", "SportsFinal\SportsFinal.csproj", "{6C99A1C1-8FC4-4D8D-980C-0EDBE89B6F51}"
EndProject
Project("{FAE04EC0-301F-11D3-BF4B-00C04F79EFBC}") = "SportsTest", "SportsTest\SportsTest.csproj", "{F6C0287D-04AB-45E6-94FB-571A4E830F91}"
EndProject
Global
	GlobalSection(SolutionConfigurationPlatforms) = preSolution
		Debug|Any CPU = Debug|Any CPU
		Release|Any CPU = Release|Any CPU
	EndGlobalSection
	GlobalSection(ProjectConfigurationPlatforms) = postSolution
		{FFC0CB1D-B1A3-4496-ABF5-74618479021A}.Debug|Any CPU.ActiveCfg = Debug|Any CPU
		{FFC0CB1D-B1A3-4496-ABF5-74618479021A}.Debug|Any CPU.Build.0 = Debug|Any CPU
		{FFC0CB1D-B1A3-4496-ABF5-74618479021A}.Release|Any CPU.ActiveCfg = Release|Any CPU
		{FFC0CB1D-B1A3-4496-ABF5-74618479021A}.Release|Any CPU.Build.0 = Release|Any CPU
		{74CF73FB-661B-4A16-A945-8BD05818BF9B}.Debug|Any CPU.ActiveCfg = Debug|Any CPU
		{74CF73FB-661B-4A16-A945-8BD05818BF9B}.Debug|Any CPU.Build.0 = Debug|Any CPU
		{74CF73FB-661B-4A16-A945-8BD05818BF9B}.Release|Any CPU.ActiveCfg = Release|Any CPU
		{74CF73FB-661B-4A16-A945-8BD05818BF9B}.Release|Any CPU.Build.0 = Release|Any CPU
		{E75CE27D-6D62-478A-843E-62FD2245BE9C}.Debug|Any CPU.ActiveCfg = Debug|Any CPU
		{E75CE27D-6D62-478A-843E-62FD2245BE9C}.Debug|Any CPU.Build.0 = Debug|Any CPU
		{E75CE27D-6D62-478A-843E-62FD2245BE9C}.Release|Any CPU.ActiveCfg = Release|Any CPU
		{E75CE27D-6D62-478A-843E-62FD2245BE9C}.Release|Any CPU.Build.0 = Release|Any CPU
		{7CA44616-8BCB-4C15-A8F2-5EB94ED3C5D2}.Debug|Any CPU.ActiveCfg = Debug|Any CPU
		{7CA44616-8BCB-4C15-A8F2-5EB94ED3C5D2}.Debug|Any CPU.Build.0 = Debug|Any CPU
		{7CA44616-8BCB-4C15-A8F2-5EB94ED3C5D2}.Release|Any CPU.ActiveCfg = Release|Any CPU
		{7CA44616-8BCB-4C15-A8F2-5EB94ED3C5D2}.Release|Any CPU.Build.0 = Release|Any CPU
		{F92A43CC-0098-460D-A7F0-886A07991684}.Debug|Any CPU.ActiveCfg = Debug|Any CPU
		{F92A43CC-0098-460D-A7F0-886A07991684}.Debug|Any CPU.Build.0 = Debug|Any CPU
		{F92A43CC-0098-460D-A7F0-886A07991684}.Release|Any CPU.ActiveCfg = Release|Any CPU
		{F92A43CC-0098-460D-A7F0-886A07991684}.Release|Any CPU.Build.0 = Release|Any CPU
		{93427DF9-A447-4801-B1AD-D14481BC9ABB}.Debug|Any CPU.ActiveCfg = Debug|Any CPU
		{93427DF9-A447-4801-B1AD-D14481BC9ABB}.Debug|Any CPU.Build.0 = Debug|Any CPU
		{93427DF9-A447-4801-B1AD-D14481BC9ABB}.Release|Any CPU.ActiveCfg = Release|Any CPU
		{93427DF9-A447-4801-B1AD-D14481BC9ABB}.Release|Any CPU.Build.0 = Release|Any CPU
		{D6119BD5-F6BA-46E3-A092-A367A3E978C2}.Debug|Any CPU.ActiveCfg = Debug|Any CPU
		{D6119BD5-F6BA-46E3-A092-A367A3E978C2}.Debug|Any CPU.Build.0 = Debug|Any CPU
		{D6119BD5-F6BA-46E3-A092-A367A3E978C2}.Release|Any CPU.ActiveCfg = Release|Any CPU
		{D6119BD5-F6BA-46E3-A092-A367A3E978C2}.Release|Any CPU.Build.0 = Release|Any CPU
		{8CAAF46C-0D59-4B96-A863-A5DF77A218F5}.Debug|Any CPU.ActiveCfg = Debug|Any CPU
		{8CAAF46C-0D59-4B96-A863-A5DF77A218F5}.Debug|Any CPU.Build.0 = Debug|Any CPU
		{8CAAF46C-0D59-4B96-A863-A5DF77A218F5}.Release|Any CPU.ActiveCfg = Release|Any CPU
		{8CAAF46C-0D59-4B96-A863-A5DF77A218F5}.Release|Any CPU.Build.0 = Release|Any CPU
		{6C99A1C1-8FC4-4D8D-980C-0EDBE89B6F51}.Debug|Any CPU.ActiveCfg = Debug|Any CPU
		{6C99A1C1-8FC4-4D8D-980C-0EDBE89B6F51}.Debug|Any CPU.Build.0 = Debug|Any CPU
		{6C99A1C1-8FC4-4D8D-980C-0EDBE89B6F51}.Release|Any CPU.ActiveCfg = Release|Any CPU
		{6C99A1C1-8FC4-4D8D-980C-0EDBE89B6F51}.Release|Any CPU.Build.0 = Release|Any CPU
		{F6C0287D-04AB-45E6-94FB-571A4E830F91}.Debug|Any CPU.ActiveCfg = Debug|Any CPU
		{F6C0287D-04AB-45E6-94FB-571A4E830F91}.Debug|Any CPU.Build.0 = Debug|Any CPU
		{F6C0287D-04AB-45E6-94FB-571A4E830F91}.Release|Any CPU.ActiveCfg = Release|Any CPU
		{F6C0287D-04AB-45E6-94FB-571A4E830F91}.Release|Any CPU.Build.0 = Release|Any CPU
	EndGlobalSection
	GlobalSection(SolutionProperties) = preSolution
		HideSolutionNode = FALSE
	EndGlobalSection
	GlobalSection(ExtensibilityGlobals) = postSolution
		SolutionGuid = {65311DDD-06B2-4784-B110-307E5E0F8033}
	EndGlobalSection
EndGlobal
